
Microsoft Visual Studio Solution File, Format Version 12.00
# Visual Studio 2013
VisualStudioVersion = 12.0.31101.0
MinimumVisualStudioVersion = 10.0.40219.1
Project("{8BC9CEB8-8B4A-11D0-8D11-00A0C91BC942}") = "factoriel_function_way_2", "factoriel_function_way_2\factoriel_function_way_2.vcxproj", "{86F28BEB-E154-4233-8571-39FD0FC91375}"
EndProject
Global
	GlobalSection(SolutionConfigurationPlatforms) = preSolution
		Debug|Win32 = Debug|Win32
		Release|Win32 = Release|Win32
	EndGlobalSection
	GlobalSection(ProjectConfigurationPlatforms) = postSolution
		{86F28BEB-E154-4233-8571-39FD0FC91375}.Debug|Win32.ActiveCfg = Debug|Win32
		{86F28BEB-E154-4233-8571-39FD0FC91375}.Debug|Win32.Build.0 = Debug|Win32
		{86F28BEB-E154-4233-8571-39FD0FC91375}.Release|Win32.ActiveCfg = Release|Win32
		{86F28BEB-E154-4233-8571-39FD0FC91375}.Release|Win32.Build.0 = Release|Win32
	EndGlobalSection
	GlobalSection(SolutionProperties) = preSolution
		HideSolutionNode = FALSE
	EndGlobalSection
EndGlobal
